{
  "name": "stencil-caching-issue",
  "version": "1.0.0",
  "lockfileVersion": 2,
  "requires": true,
  "packages": {
    "": {
      "name": "stencil-caching-issue",
      "version": "1.0.0",
      "license": "ISC",
      "devDependencies": {
        "hasha": "^5.2.0"
      }
    },
    "node_modules/hasha": {
      "version": "5.2.0",
      "integrity": "sha512-2W+jKdQbAdSIrggA8Q35Br8qKadTrqCTC8+XZvBWepKDK6m9XkX6Iz1a2yh2KP01kzAR/dpuMeUnocoLYDcskw==",
      "dev": true,
      "dependencies": {
        "is-stream": "^2.0.0",
        "type-fest": "^0.8.0"
      },
      "engines": {
        "node": ">=8"
      }
    },
    "node_modules/is-stream": {
      "version": "2.0.0",
      "integrity": "sha512-XCoy+WlUr7d1+Z8GgSuXmpuUFC9fOhRXglJMx+dwLKTkL44Cjd4W1Z5P+BQZpr+cR93aGP4S/s7Ftw6Nd/kiEw==",
      "dev": true,
      "engines": {
        "node": ">=8"
      }
    },
    "node_modules/type-fest": {
      "version": "0.8.1",
      "integrity": "sha512-4dbzIzqvjtgiM5rw1k5rEHtBANKmdudhGyBEajN01fEyhaAIhsoKNy6y7+IN93IfpFtwY9iqi7kD+xwKhQsNJA==",
      "dev": true,
      "engines": {
        "node": ">=8"
      }
    }
  },
  "dependencies": {
    "hasha": {
      "version": "5.2.0",
      "dev": true,
      "requires": {
        "is-stream": "^2.0.0",
        "type-fest": "^0.8.0"
      }
    },
    "is-stream": {
      "version": "2.0.0",
      "dev": true
    },
    "type-fest": {
      "version": "0.8.1",
      "dev": true
    }
  }
}
